
Microsoft Visual Studio Solution File, Format Version 12.00
# Visual Studio Version 17
VisualStudioVersion = 17.12.35527.113
MinimumVisualStudioVersion = 10.0.40219.1
Project("{FAE04EC0-301F-11D3-BF4B-00C04F79EFBC}") = "GUI", "QLST\GUI.csproj", "{2FFA0F4B-6661-4EA5-AF6F-B116373ECE8D}"
EndProject
Project("{FAE04EC0-301F-11D3-BF4B-00C04F79EFBC}") = "BLL", "BLL\BLL.csproj", "{673CCE1E-6B3A-4EA5-A5CB-39DEC8D6093A}"
EndProject
Project("{FAE04EC0-301F-11D3-BF4B-00C04F79EFBC}") = "DAL", "DAL\DAL.csproj", "{F75DB3FB-DA8E-412A-90E7-628F494A29A3}"
EndProject
Project("{FAE04EC0-301F-11D3-BF4B-00C04F79EFBC}") = "DTO", "DTO\DTO.csproj", "{8EF7906C-E149-4560-ACD1-A9667F819A2B}"
EndProject
Global
	GlobalSection(SolutionConfigurationPlatforms) = preSolution
		Debug|Any CPU = Debug|Any CPU
		Release|Any CPU = Release|Any CPU
	EndGlobalSection
	GlobalSection(ProjectConfigurationPlatforms) = postSolution
		{2FFA0F4B-6661-4EA5-AF6F-B116373ECE8D}.Debug|Any CPU.ActiveCfg = Debug|Any CPU
		{2FFA0F4B-6661-4EA5-AF6F-B116373ECE8D}.Debug|Any CPU.Build.0 = Debug|Any CPU
		{2FFA0F4B-6661-4EA5-AF6F-B116373ECE8D}.Release|Any CPU.ActiveCfg = Release|Any CPU
		{2FFA0F4B-6661-4EA5-AF6F-B116373ECE8D}.Release|Any CPU.Build.0 = Release|Any CPU
		{673CCE1E-6B3A-4EA5-A5CB-39DEC8D6093A}.Debug|Any CPU.ActiveCfg = Debug|Any CPU
		{673CCE1E-6B3A-4EA5-A5CB-39DEC8D6093A}.Debug|Any CPU.Build.0 = Debug|Any CPU
		{673CCE1E-6B3A-4EA5-A5CB-39DEC8D6093A}.Release|Any CPU.ActiveCfg = Release|Any CPU
		{673CCE1E-6B3A-4EA5-A5CB-39DEC8D6093A}.Release|Any CPU.Build.0 = Release|Any CPU
		{F75DB3FB-DA8E-412A-90E7-628F494A29A3}.Debug|Any CPU.ActiveCfg = Debug|Any CPU
		{F75DB3FB-DA8E-412A-90E7-628F494A29A3}.Debug|Any CPU.Build.0 = Debug|Any CPU
		{F75DB3FB-DA8E-412A-90E7-628F494A29A3}.Release|Any CPU.ActiveCfg = Release|Any CPU
		{F75DB3FB-DA8E-412A-90E7-628F494A29A3}.Release|Any CPU.Build.0 = Release|Any CPU
		{8EF7906C-E149-4560-ACD1-A9667F819A2B}.Debug|Any CPU.ActiveCfg = Debug|Any CPU
		{8EF7906C-E149-4560-ACD1-A9667F819A2B}.Debug|Any CPU.Build.0 = Debug|Any CPU
		{8EF7906C-E149-4560-ACD1-A9667F819A2B}.Release|Any CPU.ActiveCfg = Release|Any CPU
		{8EF7906C-E149-4560-ACD1-A9667F819A2B}.Release|Any CPU.Build.0 = Release|Any CPU
	EndGlobalSection
	GlobalSection(SolutionProperties) = preSolution
		HideSolutionNode = FALSE
	EndGlobalSection
EndGlobal
